
Microsoft Visual Studio Solution File, Format Version 12.00
# Visual Studio Version 17
VisualStudioVersion = 17.5.33424.131
MinimumVisualStudioVersion = 10.0.40219.1
Project("{9A19103F-16F7-4668-BE54-9A1E7A4F7556}") = "Biopark.CpaSurvey.Infra.Data", "src\Infra\Data\Biopark.CpaSurvey.Infra.Data.csproj", "{5F8F3E55-4B40-4906-861B-48DEFF4CBD96}"
EndProject
Project("{9A19103F-16F7-4668-BE54-9A1E7A4F7556}") = "Biopark.CpaSurvey.UnitTests", "test\UnitTests\Biopark.CpaSurvey.UnitTests.csproj", "{CCEE252D-EB05-49C8-8A51-FF429EBB37D4}"
EndProject
Project("{2150E333-8FDC-42A3-9474-1A3956D46DE8}") = "src", "src", "{C8EF14FA-9184-40FE-B5C1-DD6581A6C792}"
EndProject
Project("{2150E333-8FDC-42A3-9474-1A3956D46DE8}") = "1 - Domain", "1 - Domain", "{7992A853-D646-46FE-8692-4D846BB734B3}"
EndProject
Project("{2150E333-8FDC-42A3-9474-1A3956D46DE8}") = "2 - Application", "2 - Application", "{72C07CFB-BE77-4F1A-89EE-250D740B3EB3}"
EndProject
Project("{2150E333-8FDC-42A3-9474-1A3956D46DE8}") = "3 - Infra", "3 - Infra", "{EAA65105-499C-44D7-85B5-D150E8A525DE}"
EndProject
Project("{2150E333-8FDC-42A3-9474-1A3956D46DE8}") = "4 - Presentation", "4 - Presentation", "{3FABAB6B-E8BB-4D6D-A75E-9677EDD6430C}"
EndProject
Project("{2150E333-8FDC-42A3-9474-1A3956D46DE8}") = "test", "test", "{86F38E49-7EDA-417D-888D-162F75F282E6}"
EndProject
Project("{9A19103F-16F7-4668-BE54-9A1E7A4F7556}") = "Biopark.CpaSurvey.Infra.CrossCutting", "src\Infra\CrossCutting\CrossCutting\Biopark.CpaSurvey.Infra.CrossCutting.csproj", "{1C7606EB-F479-4D83-A7D0-041FF8215945}"
EndProject
Project("{2150E333-8FDC-42A3-9474-1A3956D46DE8}") = "Solution Items", "Solution Items", "{6C3C7771-0D93-4DA8-9AB2-83A2DEA084DF}"
	ProjectSection(SolutionItems) = preProject
		.editorconfig = .editorconfig
	EndProjectSection
EndProject
Project("{9A19103F-16F7-4668-BE54-9A1E7A4F7556}") = "Biopark.CpaSurvey.Infra.Auth", "src\Infra\Auth\Biopark.CpaSurvey.Infra.Auth.csproj", "{BF320BC1-96F0-47CB-B977-C6A0B20A8CE3}"
EndProject
Project("{9A19103F-16F7-4668-BE54-9A1E7A4F7556}") = "Biopark.CpaSurvey.DomainService", "src\Domain\DomainService\Biopark.CpaSurvey.DomainService.csproj", "{C8B71C4E-2D3A-4F50-A1A0-23EB4585A6A6}"
EndProject
Project("{9A19103F-16F7-4668-BE54-9A1E7A4F7556}") = "Biopark.CpaSurvey.Domain", "src\Domain\Domain\Biopark.CpaSurvey.Domain.csproj", "{6B0E0B37-B535-4B21-828C-2939A3386F00}"
EndProject
Project("{9A19103F-16F7-4668-BE54-9A1E7A4F7556}") = "Biopark.CpaSurvey.WebAPI", "src\WebAPI\WebAPI\Biopark.CpaSurvey.WebAPI.csproj", "{8CE92A35-43EC-422C-8488-C284C6601298}"
EndProject
Project("{9A19103F-16F7-4668-BE54-9A1E7A4F7556}") = "Biopark.CpaSurvey.Application", "src\Application\Application\Biopark.CpaSurvey.Application.csproj", "{7A39246E-2A8A-40EB-8F17-1E814E017549}"
EndProject
Global
	GlobalSection(SolutionConfigurationPlatforms) = preSolution
		Debug|Any CPU = Debug|Any CPU
		Release|Any CPU = Release|Any CPU
	EndGlobalSection
	GlobalSection(ProjectConfigurationPlatforms) = postSolution
		{5F8F3E55-4B40-4906-861B-48DEFF4CBD96}.Debug|Any CPU.ActiveCfg = Debug|Any CPU
		{5F8F3E55-4B40-4906-861B-48DEFF4CBD96}.Debug|Any CPU.Build.0 = Debug|Any CPU
		{5F8F3E55-4B40-4906-861B-48DEFF4CBD96}.Release|Any CPU.ActiveCfg = Release|Any CPU
		{5F8F3E55-4B40-4906-861B-48DEFF4CBD96}.Release|Any CPU.Build.0 = Release|Any CPU
		{CCEE252D-EB05-49C8-8A51-FF429EBB37D4}.Debug|Any CPU.ActiveCfg = Debug|Any CPU
		{CCEE252D-EB05-49C8-8A51-FF429EBB37D4}.Debug|Any CPU.Build.0 = Debug|Any CPU
		{CCEE252D-EB05-49C8-8A51-FF429EBB37D4}.Release|Any CPU.ActiveCfg = Release|Any CPU
		{CCEE252D-EB05-49C8-8A51-FF429EBB37D4}.Release|Any CPU.Build.0 = Release|Any CPU
		{1C7606EB-F479-4D83-A7D0-041FF8215945}.Debug|Any CPU.ActiveCfg = Debug|Any CPU
		{1C7606EB-F479-4D83-A7D0-041FF8215945}.Debug|Any CPU.Build.0 = Debug|Any CPU
		{1C7606EB-F479-4D83-A7D0-041FF8215945}.Release|Any CPU.ActiveCfg = Release|Any CPU
		{1C7606EB-F479-4D83-A7D0-041FF8215945}.Release|Any CPU.Build.0 = Release|Any CPU
		{BF320BC1-96F0-47CB-B977-C6A0B20A8CE3}.Debug|Any CPU.ActiveCfg = Debug|Any CPU
		{BF320BC1-96F0-47CB-B977-C6A0B20A8CE3}.Debug|Any CPU.Build.0 = Debug|Any CPU
		{BF320BC1-96F0-47CB-B977-C6A0B20A8CE3}.Release|Any CPU.ActiveCfg = Release|Any CPU
		{BF320BC1-96F0-47CB-B977-C6A0B20A8CE3}.Release|Any CPU.Build.0 = Release|Any CPU
		{C8B71C4E-2D3A-4F50-A1A0-23EB4585A6A6}.Debug|Any CPU.ActiveCfg = Debug|Any CPU
		{C8B71C4E-2D3A-4F50-A1A0-23EB4585A6A6}.Debug|Any CPU.Build.0 = Debug|Any CPU
		{C8B71C4E-2D3A-4F50-A1A0-23EB4585A6A6}.Release|Any CPU.ActiveCfg = Release|Any CPU
		{C8B71C4E-2D3A-4F50-A1A0-23EB4585A6A6}.Release|Any CPU.Build.0 = Release|Any CPU
		{6B0E0B37-B535-4B21-828C-2939A3386F00}.Debug|Any CPU.ActiveCfg = Debug|Any CPU
		{6B0E0B37-B535-4B21-828C-2939A3386F00}.Debug|Any CPU.Build.0 = Debug|Any CPU
		{6B0E0B37-B535-4B21-828C-2939A3386F00}.Release|Any CPU.ActiveCfg = Release|Any CPU
		{6B0E0B37-B535-4B21-828C-2939A3386F00}.Release|Any CPU.Build.0 = Release|Any CPU
		{8CE92A35-43EC-422C-8488-C284C6601298}.Debug|Any CPU.ActiveCfg = Debug|Any CPU
		{8CE92A35-43EC-422C-8488-C284C6601298}.Debug|Any CPU.Build.0 = Debug|Any CPU
		{8CE92A35-43EC-422C-8488-C284C6601298}.Release|Any CPU.ActiveCfg = Release|Any CPU
		{8CE92A35-43EC-422C-8488-C284C6601298}.Release|Any CPU.Build.0 = Release|Any CPU
		{7A39246E-2A8A-40EB-8F17-1E814E017549}.Debug|Any CPU.ActiveCfg = Debug|Any CPU
		{7A39246E-2A8A-40EB-8F17-1E814E017549}.Debug|Any CPU.Build.0 = Debug|Any CPU
		{7A39246E-2A8A-40EB-8F17-1E814E017549}.Release|Any CPU.ActiveCfg = Release|Any CPU
		{7A39246E-2A8A-40EB-8F17-1E814E017549}.Release|Any CPU.Build.0 = Release|Any CPU
	EndGlobalSection
	GlobalSection(SolutionProperties) = preSolution
		HideSolutionNode = FALSE
	EndGlobalSection
	GlobalSection(NestedProjects) = preSolution
		{5F8F3E55-4B40-4906-861B-48DEFF4CBD96} = {EAA65105-499C-44D7-85B5-D150E8A525DE}
		{CCEE252D-EB05-49C8-8A51-FF429EBB37D4} = {86F38E49-7EDA-417D-888D-162F75F282E6}
		{7992A853-D646-46FE-8692-4D846BB734B3} = {C8EF14FA-9184-40FE-B5C1-DD6581A6C792}
		{72C07CFB-BE77-4F1A-89EE-250D740B3EB3} = {C8EF14FA-9184-40FE-B5C1-DD6581A6C792}
		{EAA65105-499C-44D7-85B5-D150E8A525DE} = {C8EF14FA-9184-40FE-B5C1-DD6581A6C792}
		{3FABAB6B-E8BB-4D6D-A75E-9677EDD6430C} = {C8EF14FA-9184-40FE-B5C1-DD6581A6C792}
		{1C7606EB-F479-4D83-A7D0-041FF8215945} = {EAA65105-499C-44D7-85B5-D150E8A525DE}
		{BF320BC1-96F0-47CB-B977-C6A0B20A8CE3} = {EAA65105-499C-44D7-85B5-D150E8A525DE}
		{C8B71C4E-2D3A-4F50-A1A0-23EB4585A6A6} = {7992A853-D646-46FE-8692-4D846BB734B3}
		{6B0E0B37-B535-4B21-828C-2939A3386F00} = {7992A853-D646-46FE-8692-4D846BB734B3}
		{8CE92A35-43EC-422C-8488-C284C6601298} = {3FABAB6B-E8BB-4D6D-A75E-9677EDD6430C}
		{7A39246E-2A8A-40EB-8F17-1E814E017549} = {72C07CFB-BE77-4F1A-89EE-250D740B3EB3}
	EndGlobalSection
	GlobalSection(ExtensibilityGlobals) = postSolution
		SolutionGuid = {0A05C33D-AF13-4D97-B6A5-4A77A76F683F}
	EndGlobalSection
EndGlobal
